
Microsoft Visual Studio Solution File, Format Version 12.00
Project("{FAE04EC0-301F-11D3-BF4B-00C04F79EFBC}") = "Apollo", "Apollo\Apollo.csproj", "{9BDF9386-096A-43B1-AE6B-85EDE94AC743}"
EndProject
Project("{2150E333-8FDC-42A3-9474-1A3956D46DE8}") = "src", "src", "{FB5261E1-CCA4-4F5A-B87B-F8F48B14A249}"
EndProject
Project("{FAE04EC0-301F-11D3-BF4B-00C04F79EFBC}") = "Apollo.Providers.ASB", "Apollo.Providers.ASB\Apollo.Providers.ASB.csproj", "{7EADC5D9-61C2-4417-A4C0-14CADDBED7DE}"
EndProject
Project("{2150E333-8FDC-42A3-9474-1A3956D46DE8}") = "demo", "demo", "{1D6230D5-90E9-4E63-81D4-4C6B8149E318}"
EndProject
Project("{FAE04EC0-301F-11D3-BF4B-00C04F79EFBC}") = "ConsoleDemo", "..\demo\ConsoleDemo\ConsoleDemo.csproj", "{EDFC8FC8-B94A-4894-9C96-2A369FE02397}"
EndProject
Project("{FAE04EC0-301F-11D3-BF4B-00C04F79EFBC}") = "Apollo.Providers.NATS", "Apollo.Providers.NATS\Apollo.Providers.NATS.csproj", "{9C0E4983-FE32-4DC4-AFBA-0EA5BA9A0B3C}"
EndProject
Global
	GlobalSection(SolutionConfigurationPlatforms) = preSolution
		Debug|Any CPU = Debug|Any CPU
		Release|Any CPU = Release|Any CPU
	EndGlobalSection
	GlobalSection(ProjectConfigurationPlatforms) = postSolution
		{9BDF9386-096A-43B1-AE6B-85EDE94AC743}.Debug|Any CPU.ActiveCfg = Debug|Any CPU
		{9BDF9386-096A-43B1-AE6B-85EDE94AC743}.Debug|Any CPU.Build.0 = Debug|Any CPU
		{9BDF9386-096A-43B1-AE6B-85EDE94AC743}.Release|Any CPU.ActiveCfg = Release|Any CPU
		{9BDF9386-096A-43B1-AE6B-85EDE94AC743}.Release|Any CPU.Build.0 = Release|Any CPU
		{7EADC5D9-61C2-4417-A4C0-14CADDBED7DE}.Debug|Any CPU.ActiveCfg = Debug|Any CPU
		{7EADC5D9-61C2-4417-A4C0-14CADDBED7DE}.Debug|Any CPU.Build.0 = Debug|Any CPU
		{7EADC5D9-61C2-4417-A4C0-14CADDBED7DE}.Release|Any CPU.ActiveCfg = Release|Any CPU
		{7EADC5D9-61C2-4417-A4C0-14CADDBED7DE}.Release|Any CPU.Build.0 = Release|Any CPU
		{EDFC8FC8-B94A-4894-9C96-2A369FE02397}.Debug|Any CPU.ActiveCfg = Debug|Any CPU
		{EDFC8FC8-B94A-4894-9C96-2A369FE02397}.Debug|Any CPU.Build.0 = Debug|Any CPU
		{EDFC8FC8-B94A-4894-9C96-2A369FE02397}.Release|Any CPU.ActiveCfg = Release|Any CPU
		{EDFC8FC8-B94A-4894-9C96-2A369FE02397}.Release|Any CPU.Build.0 = Release|Any CPU
		{9C0E4983-FE32-4DC4-AFBA-0EA5BA9A0B3C}.Debug|Any CPU.ActiveCfg = Debug|Any CPU
		{9C0E4983-FE32-4DC4-AFBA-0EA5BA9A0B3C}.Debug|Any CPU.Build.0 = Debug|Any CPU
		{9C0E4983-FE32-4DC4-AFBA-0EA5BA9A0B3C}.Release|Any CPU.ActiveCfg = Release|Any CPU
		{9C0E4983-FE32-4DC4-AFBA-0EA5BA9A0B3C}.Release|Any CPU.Build.0 = Release|Any CPU
	EndGlobalSection
	GlobalSection(NestedProjects) = preSolution
		{9BDF9386-096A-43B1-AE6B-85EDE94AC743} = {FB5261E1-CCA4-4F5A-B87B-F8F48B14A249}
		{7EADC5D9-61C2-4417-A4C0-14CADDBED7DE} = {FB5261E1-CCA4-4F5A-B87B-F8F48B14A249}
		{EDFC8FC8-B94A-4894-9C96-2A369FE02397} = {1D6230D5-90E9-4E63-81D4-4C6B8149E318}
		{9C0E4983-FE32-4DC4-AFBA-0EA5BA9A0B3C} = {FB5261E1-CCA4-4F5A-B87B-F8F48B14A249}
	EndGlobalSection
EndGlobal
