
Microsoft Visual Studio Solution File, Format Version 12.00
Project("{FAE04EC0-301F-11D3-BF4B-00C04F79EFBC}") = "Apollo", "Apollo\Apollo.csproj", "{9BDF9386-096A-43B1-AE6B-85EDE94AC743}"
EndProject
Project("{2150E333-8FDC-42A3-9474-1A3956D46DE8}") = "src", "src", "{FB5261E1-CCA4-4F5A-B87B-F8F48B14A249}"
EndProject
Project("{FAE04EC0-301F-11D3-BF4B-00C04F79EFBC}") = "Apollo.Providers.ASB", "Apollo.Providers.ASB\Apollo.Providers.ASB.csproj", "{7EADC5D9-61C2-4417-A4C0-14CADDBED7DE}"
EndProject
Project("{2150E333-8FDC-42A3-9474-1A3956D46DE8}") = "demo", "demo", "{1D6230D5-90E9-4E63-81D4-4C6B8149E318}"
EndProject
Project("{FAE04EC0-301F-11D3-BF4B-00C04F79EFBC}") = "ConsoleDemo", "..\demo\ConsoleDemo\ConsoleDemo.csproj", "{EDFC8FC8-B94A-4894-9C96-2A369FE02397}"
EndProject
Project("{FAE04EC0-301F-11D3-BF4B-00C04F79EFBC}") = "Apollo.Providers.NATS", "Apollo.Providers.NATS\Apollo.Providers.NATS.csproj", "{9C0E4983-FE32-4DC4-AFBA-0EA5BA9A0B3C}"
EndProject
Project("{2150E333-8FDC-42A3-9474-1A3956D46DE8}") = "build", "build", "{30C30859-8FA1-4399-9556-0D435B6357DB}"
EndProject
Project("{FAE04EC0-301F-11D3-BF4B-00C04F79EFBC}") = "build", "..\build\build.csproj", "{4CB2ED5A-4DA7-4908-A9D8-7D8B345E4007}"
EndProject
Project("{FAE04EC0-301F-11D3-BF4B-00C04F79EFBC}") = "Apollo.Extensions.Microsoft.Hosting", "Apollo.Extensions.Microsoft.Hosting\Apollo.Extensions.Microsoft.Hosting.csproj", "{479DA004-8B35-4DB5-A932-F0A447092351}"
EndProject
Project("{2150E333-8FDC-42A3-9474-1A3956D46DE8}") = "tests", "tests", "{534F973C-2822-477E-B930-9ADBE47C9F3A}"
EndProject
Project("{FAE04EC0-301F-11D3-BF4B-00C04F79EFBC}") = "Apollo.Providers.NATS.Tests", "..\tests\Apollo.Providers.NATS.Tests\Apollo.Providers.NATS.Tests.csproj", "{4C7EE670-3C9A-4DD8-9FC4-9DAF98B544FF}"
EndProject
Project("{FAE04EC0-301F-11D3-BF4B-00C04F79EFBC}") = "Apollo.Tests", "..\tests\Apollo.Tests\Apollo.Tests.csproj", "{AE8F56E0-5EAD-4C60-B986-A1436FF8A198}"
EndProject
Global
	GlobalSection(SolutionConfigurationPlatforms) = preSolution
		Debug|Any CPU = Debug|Any CPU
		Release|Any CPU = Release|Any CPU
	EndGlobalSection
	GlobalSection(ProjectConfigurationPlatforms) = postSolution
		{9BDF9386-096A-43B1-AE6B-85EDE94AC743}.Debug|Any CPU.ActiveCfg = Debug|Any CPU
		{9BDF9386-096A-43B1-AE6B-85EDE94AC743}.Debug|Any CPU.Build.0 = Debug|Any CPU
		{9BDF9386-096A-43B1-AE6B-85EDE94AC743}.Release|Any CPU.ActiveCfg = Release|Any CPU
		{9BDF9386-096A-43B1-AE6B-85EDE94AC743}.Release|Any CPU.Build.0 = Release|Any CPU
		{7EADC5D9-61C2-4417-A4C0-14CADDBED7DE}.Debug|Any CPU.ActiveCfg = Debug|Any CPU
		{7EADC5D9-61C2-4417-A4C0-14CADDBED7DE}.Debug|Any CPU.Build.0 = Debug|Any CPU
		{7EADC5D9-61C2-4417-A4C0-14CADDBED7DE}.Release|Any CPU.ActiveCfg = Release|Any CPU
		{7EADC5D9-61C2-4417-A4C0-14CADDBED7DE}.Release|Any CPU.Build.0 = Release|Any CPU
		{EDFC8FC8-B94A-4894-9C96-2A369FE02397}.Debug|Any CPU.ActiveCfg = Debug|Any CPU
		{EDFC8FC8-B94A-4894-9C96-2A369FE02397}.Debug|Any CPU.Build.0 = Debug|Any CPU
		{EDFC8FC8-B94A-4894-9C96-2A369FE02397}.Release|Any CPU.ActiveCfg = Release|Any CPU
		{EDFC8FC8-B94A-4894-9C96-2A369FE02397}.Release|Any CPU.Build.0 = Release|Any CPU
		{9C0E4983-FE32-4DC4-AFBA-0EA5BA9A0B3C}.Debug|Any CPU.ActiveCfg = Debug|Any CPU
		{9C0E4983-FE32-4DC4-AFBA-0EA5BA9A0B3C}.Debug|Any CPU.Build.0 = Debug|Any CPU
		{9C0E4983-FE32-4DC4-AFBA-0EA5BA9A0B3C}.Release|Any CPU.ActiveCfg = Release|Any CPU
		{9C0E4983-FE32-4DC4-AFBA-0EA5BA9A0B3C}.Release|Any CPU.Build.0 = Release|Any CPU
		{4CB2ED5A-4DA7-4908-A9D8-7D8B345E4007}.Debug|Any CPU.ActiveCfg = Debug|Any CPU
		{4CB2ED5A-4DA7-4908-A9D8-7D8B345E4007}.Debug|Any CPU.Build.0 = Debug|Any CPU
		{4CB2ED5A-4DA7-4908-A9D8-7D8B345E4007}.Release|Any CPU.ActiveCfg = Release|Any CPU
		{4CB2ED5A-4DA7-4908-A9D8-7D8B345E4007}.Release|Any CPU.Build.0 = Release|Any CPU
		{479DA004-8B35-4DB5-A932-F0A447092351}.Debug|Any CPU.ActiveCfg = Debug|Any CPU
		{479DA004-8B35-4DB5-A932-F0A447092351}.Debug|Any CPU.Build.0 = Debug|Any CPU
		{479DA004-8B35-4DB5-A932-F0A447092351}.Release|Any CPU.ActiveCfg = Release|Any CPU
		{479DA004-8B35-4DB5-A932-F0A447092351}.Release|Any CPU.Build.0 = Release|Any CPU
		{4C7EE670-3C9A-4DD8-9FC4-9DAF98B544FF}.Debug|Any CPU.ActiveCfg = Debug|Any CPU
		{4C7EE670-3C9A-4DD8-9FC4-9DAF98B544FF}.Debug|Any CPU.Build.0 = Debug|Any CPU
		{4C7EE670-3C9A-4DD8-9FC4-9DAF98B544FF}.Release|Any CPU.ActiveCfg = Release|Any CPU
		{4C7EE670-3C9A-4DD8-9FC4-9DAF98B544FF}.Release|Any CPU.Build.0 = Release|Any CPU
		{AE8F56E0-5EAD-4C60-B986-A1436FF8A198}.Debug|Any CPU.ActiveCfg = Debug|Any CPU
		{AE8F56E0-5EAD-4C60-B986-A1436FF8A198}.Debug|Any CPU.Build.0 = Debug|Any CPU
		{AE8F56E0-5EAD-4C60-B986-A1436FF8A198}.Release|Any CPU.ActiveCfg = Release|Any CPU
		{AE8F56E0-5EAD-4C60-B986-A1436FF8A198}.Release|Any CPU.Build.0 = Release|Any CPU
	EndGlobalSection
	GlobalSection(NestedProjects) = preSolution
		{9BDF9386-096A-43B1-AE6B-85EDE94AC743} = {FB5261E1-CCA4-4F5A-B87B-F8F48B14A249}
		{7EADC5D9-61C2-4417-A4C0-14CADDBED7DE} = {FB5261E1-CCA4-4F5A-B87B-F8F48B14A249}
		{EDFC8FC8-B94A-4894-9C96-2A369FE02397} = {1D6230D5-90E9-4E63-81D4-4C6B8149E318}
		{9C0E4983-FE32-4DC4-AFBA-0EA5BA9A0B3C} = {FB5261E1-CCA4-4F5A-B87B-F8F48B14A249}
		{4CB2ED5A-4DA7-4908-A9D8-7D8B345E4007} = {30C30859-8FA1-4399-9556-0D435B6357DB}
		{479DA004-8B35-4DB5-A932-F0A447092351} = {FB5261E1-CCA4-4F5A-B87B-F8F48B14A249}
		{4C7EE670-3C9A-4DD8-9FC4-9DAF98B544FF} = {534F973C-2822-477E-B930-9ADBE47C9F3A}
		{AE8F56E0-5EAD-4C60-B986-A1436FF8A198} = {534F973C-2822-477E-B930-9ADBE47C9F3A}
	EndGlobalSection
EndGlobal
